
Microsoft Visual Studio Solution File, Format Version 12.00
# Visual Studio Version 17
VisualStudioVersion = 17.4.33110.190
MinimumVisualStudioVersion = 10.0.40219.1
Project("{9A19103F-16F7-4668-BE54-9A1E7A4F7556}") = "Lokad.Prompting", "src\Lokad.Prompting\Lokad.Prompting.csproj", "{0921AA02-36DB-493B-9051-9DA6DE8B7FCC}"
EndProject
Project("{2150E333-8FDC-42A3-9474-1A3956D46DE8}") = "Solution Items", "Solution Items", "{8E1370A7-C46F-45D9-B30F-89F0C8833CDE}"
	ProjectSection(SolutionItems) = preProject
		ReadMe.md = ReadMe.md
	EndProjectSection
EndProject
Project("{FAE04EC0-301F-11D3-BF4B-00C04F79EFBC}") = "Lokad.Prompting.Tests", "test\Lokad.Prompting.Tests\Lokad.Prompting.Tests.csproj", "{4E850BC7-AF57-4486-A259-C2E4586016AE}"
EndProject
Global
	GlobalSection(SolutionConfigurationPlatforms) = preSolution
		Debug|Any CPU = Debug|Any CPU
		Release|Any CPU = Release|Any CPU
	EndGlobalSection
	GlobalSection(ProjectConfigurationPlatforms) = postSolution
		{0921AA02-36DB-493B-9051-9DA6DE8B7FCC}.Debug|Any CPU.ActiveCfg = Debug|Any CPU
		{0921AA02-36DB-493B-9051-9DA6DE8B7FCC}.Debug|Any CPU.Build.0 = Debug|Any CPU
		{0921AA02-36DB-493B-9051-9DA6DE8B7FCC}.Release|Any CPU.ActiveCfg = Release|Any CPU
		{0921AA02-36DB-493B-9051-9DA6DE8B7FCC}.Release|Any CPU.Build.0 = Release|Any CPU
		{4E850BC7-AF57-4486-A259-C2E4586016AE}.Debug|Any CPU.ActiveCfg = Debug|Any CPU
		{4E850BC7-AF57-4486-A259-C2E4586016AE}.Debug|Any CPU.Build.0 = Debug|Any CPU
		{4E850BC7-AF57-4486-A259-C2E4586016AE}.Release|Any CPU.ActiveCfg = Release|Any CPU
		{4E850BC7-AF57-4486-A259-C2E4586016AE}.Release|Any CPU.Build.0 = Release|Any CPU
	EndGlobalSection
	GlobalSection(SolutionProperties) = preSolution
		HideSolutionNode = FALSE
	EndGlobalSection
	GlobalSection(ExtensibilityGlobals) = postSolution
		SolutionGuid = {5F82AAAC-C5D0-4177-9E4D-10A32C7D8C8A}
	EndGlobalSection
EndGlobal
